// !$*UTF8*$!
{
	archiveVersion = 1;
	classes = {
	};
	objectVersion = 50;
	objects = {

/* Begin PBXBuildFile section */
		571AD871240B638D00796295 /* AppDelegate.swift in Sources */ = {isa = PBXBuildFile; fileRef = 571AD870240B638D00796295 /* AppDelegate.swift */; };
		571AD873240B638D00796295 /* SceneDelegate.swift in Sources */ = {isa = PBXBuildFile; fileRef = 571AD872240B638D00796295 /* SceneDelegate.swift */; };
		571AD875240B638D00796295 /* ContentView.swift in Sources */ = {isa = PBXBuildFile; fileRef = 571AD874240B638D00796295 /* ContentView.swift */; };
		571AD877240B639800796295 /* Assets.xcassets in Resources */ = {isa = PBXBuildFile; fileRef = 571AD876240B639800796295 /* Assets.xcassets */; };
		571AD87A240B639800796295 /* Preview Assets.xcassets in Resources */ = {isa = PBXBuildFile; fileRef = 571AD879240B639800796295 /* Preview Assets.xcassets */; };
		571AD87D240B639800796295 /* LaunchScreen.storyboard in Resources */ = {isa = PBXBuildFile; fileRef = 571AD87B240B639800796295 /* LaunchScreen.storyboard */; };
		571AD885240B74A200796295 /* CardView.swift in Sources */ = {isa = PBXBuildFile; fileRef = 571AD884240B74A200796295 /* CardView.swift */; };
/* End PBXBuildFile section */

/* Begin PBXFileReference section */
		571AD86D240B638D00796295 /* Improving_Slot_App.app */ = {isa = PBXFileReference; explicitFileType = wrapper.application; includeInIndex = 0; path = Improving_Slot_App.app; sourceTree = BUILT_PRODUCTS_DIR; };
		571AD870240B638D00796295 /* AppDelegate.swift */ = {isa = PBXFileReference; lastKnownFileType = sourcecode.swift; path = AppDelegate.swift; sourceTree = "<group>"; };
		571AD872240B638D00796295 /* SceneDelegate.swift */ = {isa = PBXFileReference; lastKnownFileType = sourcecode.swift; path = SceneDelegate.swift; sourceTree = "<group>"; };
		571AD874240B638D00796295 /* ContentView.swift */ = {isa = PBXFileReference; lastKnownFileType = sourcecode.swift; path = ContentView.swift; sourceTree = "<group>"; };
		571AD876240B639800796295 /* Assets.xcassets */ = {isa = PBXFileReference; lastKnownFileType = folder.assetcatalog; path = Assets.xcassets; sourceTree = "<group>"; };
		571AD879240B639800796295 /* Preview Assets.xcassets */ = {isa = PBXFileReference; lastKnownFileType = folder.assetcatalog; path = "Preview Assets.xcassets"; sourceTree = "<group>"; };
		571AD87C240B639800796295 /* Base */ = {isa = PBXFileReference; lastKnownFileType = file.storyboard; name = Base; path = Base.lproj/LaunchScreen.storyboard; sourceTree = "<group>"; };
		571AD87E240B639800796295 /* Info.plist */ = {isa = PBXFileReference; lastKnownFileType = text.plist.xml; path = Info.plist; sourceTree = "<group>"; };
		571AD884240B74A200796295 /* CardView.swift */ = {isa = PBXFileReference; lastKnownFileType = sourcecode.swift; path = CardView.swift; sourceTree = "<group>"; };
/* End PBXFileReference section */

/* Begin PBXFrameworksBuildPhase section */
		571AD86A240B638D00796295 /* Frameworks */ = {
			isa = PBXFrameworksBuildPhase;
			buildActionMask = 2147483647;
			files = (
			);
			runOnlyForDeploymentPostprocessing = 0;
		};
/* End PBXFrameworksBuildPhase section */

/* Begin PBXGroup section */
		571AD864240B638D00796295 = {
			isa = PBXGroup;
			children = (
				571AD86F240B638D00796295 /* Improving_Slot_App */,
				571AD86E240B638D00796295 /* Products */,
			);
			sourceTree = "<group>";
		};
		571AD86E240B638D00796295 /* Products */ = {
			isa = PBXGroup;
			children = (
				571AD86D240B638D00796295 /* Improving_Slot_App.app */,
			);
			name = Products;
			sourceTree = "<group>";
		};
		571AD86F240B638D00796295 /* Improving_Slot_App */ = {
			isa = PBXGroup;
			children = (
				571AD870240B638D00796295 /* AppDelegate.swift */,
				571AD872240B638D00796295 /* SceneDelegate.swift */,
				571AD874240B638D00796295 /* ContentView.swift */,
				571AD884240B74A200796295 /* CardView.swift */,
				571AD876240B639800796295 /* Assets.xcassets */,
				571AD87B240B639800796295 /* LaunchScreen.storyboard */,
				571AD87E240B639800796295 /* Info.plist */,
				571AD878240B639800796295 /* Preview Content */,
			);
			path = Improving_Slot_App;
			sourceTree = "<group>";
		};
		571AD878240B639800796295 /* Preview Content */ = {
			isa = PBXGroup;
			children = (
				571AD879240B639800796295 /* Preview Assets.xcassets */,
			);
			path = "Preview Content";
			sourceTree = "<group>";
		};
/* End PBXGroup section */

/* Begin PBXNativeTarget section */
		571AD86C240B638D00796295 /* Improving_Slot_App */ = {
			isa = PBXNativeTarget;
			buildConfigurationList = 571AD881240B639800796295 /* Build configuration list for PBXNativeTarget "Improving_Slot_App" */;
			buildPhases = (
				571AD869240B638D00796295 /* Sources */,
				571AD86A240B638D00796295 /* Frameworks */,
				571AD86B240B638D00796295 /* Resources */,
			);
			buildRules = (
			);
			dependencies = (
			);
			name = Improving_Slot_App;
			productName = Improving_Slot_App;
			productReference = 571AD86D240B638D00796295 /* Improving_Slot_App.app */;
			productType = "com.apple.product-type.application";
		};
/* End PBXNativeTarget section */

/* Begin PBXProject section */
		571AD865240B638D00796295 /* Project object */ = {
			isa = PBXProject;
			attributes = {
				LastSwiftUpdateCheck = 1130;
				LastUpgradeCheck = 1130;
				ORGANIZATIONNAME = "Hoang Dai Phong";
				TargetAttributes = {
					571AD86C240B638D00796295 = {
						CreatedOnToolsVersion = 11.3.1;
					};
				};
			};
			buildConfigurationList = 571AD868240B638D00796295 /* Build configuration list for PBXProject "Improving_Slot_App" */;
			compatibilityVersion = "Xcode 9.3";
			developmentRegion = en;
			hasScannedForEncodings = 0;
			knownRegions = (
				en,
				Base,
			);
			mainGroup = 571AD864240B638D00796295;
			productRefGroup = 571AD86E240B638D00796295 /* Products */;
			projectDirPath = "";
			projectRoot = "";
			targets = (
				571AD86C240B638D00796295 /* Improving_Slot_App */,
			);
		};
/* End PBXProject section */

/* Begin PBXResourcesBuildPhase section */
		571AD86B240B638D00796295 /* Resources */ = {
			isa = PBXResourcesBuildPhase;
			buildActionMask = 2147483647;
			files = (
				571AD87D240B639800796295 /* LaunchScreen.storyboard in Resources */,
				571AD87A240B639800796295 /* Preview Assets.xcassets in Resources */,
				571AD877240B639800796295 /* Assets.xcassets in Resources */,
			);
			runOnlyForDeploymentPostprocessing = 0;
		};
/* End PBXResourcesBuildPhase section */

/* Begin PBXSourcesBuildPhase section */
		571AD869240B638D00796295 /* Sources */ = {
			isa = PBXSourcesBuildPhase;
			buildActionMask = 2147483647;
			files = (
				571AD871240B638D00796295 /* AppDelegate.swift in Sources */,
				571AD873240B638D00796295 /* SceneDelegate.swift in Sources */,
				571AD885240B74A200796295 /* CardView.swift in Sources */,
				571AD875240B638D00796295 /* ContentView.swift in Sources */,
			);
			runOnlyForDeploymentPostprocessing = 0;
		};
/* End PBXSourcesBuildPhase section */

/* Begin PBXVariantGroup section */
		571AD87B240B639800796295 /* LaunchScreen.storyboard */ = {
			isa = PBXVariantGroup;
			children = (
				571AD87C240B639800796295 /* Base */,
			);
			name = LaunchScreen.storyboard;
			sourceTree = "<group>";
		};
/* End PBXVariantGroup section */

/* Begin XCBuildConfiguration section */
		571AD87F240B639800796295 /* Debug */ = {
			isa = XCBuildConfiguration;
			buildSettings = {
				ALWAYS_SEARCH_USER_PATHS = NO;
				CLANG_ANALYZER_NONNULL = YES;
				CLANG_ANALYZER_NUMBER_OBJECT_CONVERSION = YES_AGGRESSIVE;
				CLANG_CXX_LANGUAGE_STANDARD = "gnu++14";
				CLANG_CXX_LIBRARY = "libc++";
				CLANG_ENABLE_MODULES = YES;
				CLANG_ENABLE_OBJC_ARC = YES;
				CLANG_ENABLE_OBJC_WEAK = YES;
				CLANG_WARN_BLOCK_CAPTURE_AUTORELEASING = YES;
				CLANG_WARN_BOOL_CONVERSION = YES;
				CLANG_WARN_COMMA = YES;
				CLANG_WARN_CONSTANT_CONVERSION = YES;
				CLANG_WARN_DEPRECATED_OBJC_IMPLEMENTATIONS = YES;
				CLANG_WARN_DIRECT_OBJC_ISA_USAGE = YES_ERROR;
				CLANG_WARN_DOCUMENTATION_COMMENTS = YES;
				CLANG_WARN_EMPTY_BODY = YES;
				CLANG_WARN_ENUM_CONVERSION = YES;
				CLANG_WARN_INFINITE_RECURSION = YES;
				CLANG_WARN_INT_CONVERSION = YES;
				CLANG_WARN_NON_LITERAL_NULL_CONVERSION = YES;
				CLANG_WARN_OBJC_IMPLICIT_RETAIN_SELF = YES;
				CLANG_WARN_OBJC_LITERAL_CONVERSION = YES;
				CLANG_WARN_OBJC_ROOT_CLASS = YES_ERROR;
				CLANG_WARN_RANGE_LOOP_ANALYSIS = YES;
				CLANG_WARN_STRICT_PROTOTYPES = YES;
				CLANG_WARN_SUSPICIOUS_MOVE = YES;
				CLANG_WARN_UNGUARDED_AVAILABILITY = YES_AGGRESSIVE;
				CLANG_WARN_UNREACHABLE_CODE = YES;
				CLANG_WARN__DUPLICATE_METHOD_MATCH = YES;
				COPY_PHASE_STRIP = NO;
				DEBUG_INFORMATION_FORMAT = dwarf;
				ENABLE_STRICT_OBJC_MSGSEND = YES;
				ENABLE_TESTABILITY = YES;
				GCC_C_LANGUAGE_STANDARD = gnu11;
				GCC_DYNAMIC_NO_PIC = NO;
				GCC_NO_COMMON_BLOCKS = YES;
				GCC_OPTIMIZATION_LEVEL = 0;
				GCC_PREPROCESSOR_DEFINITIONS = (
					"DEBUG=1",
					"$(inherited)",
				);
				GCC_WARN_64_TO_32_BIT_CONVERSION = YES;
				GCC_WARN_ABOUT_RETURN_TYPE = YES_ERROR;
				GCC_WARN_UNDECLARED_SELECTOR = YES;
				GCC_WARN_UNINITIALIZED_AUTOS = YES_AGGRESSIVE;
				GCC_WARN_UNUSED_FUNCTION = YES;
				GCC_WARN_UNUSED_VARIABLE = YES;
				IPHONEOS_DEPLOYMENT_TARGET = 13.2;
				MTL_ENABLE_DEBUG_INFO = INCLUDE_SOURCE;
				MTL_FAST_MATH = YES;
				ONLY_ACTIVE_ARCH = YES;
				SDKROOT = iphoneos;
				SWIFT_ACTIVE_COMPILATION_CONDITIONS = DEBUG;
				SWIFT_OPTIMIZATION_LEVEL = "-Onone";
			};
			name = Debug;
		};
		571AD880240B639800796295 /* Release */ = {
			isa = XCBuildConfiguration;
			buildSettings = {
				ALWAYS_SEARCH_USER_PATHS = NO;
				CLANG_ANALYZER_NONNULL = YES;
				CLANG_ANALYZER_NUMBER_OBJECT_CONVERSION = YES_AGGRESSIVE;
				CLANG_CXX_LANGUAGE_STANDARD = "gnu++14";
				CLANG_CXX_LIBRARY = "libc++";
				CLANG_ENABLE_MODULES = YES;
				CLANG_ENABLE_OBJC_ARC = YES;
				CLANG_ENABLE_OBJC_WEAK = YES;
				CLANG_WARN_BLOCK_CAPTURE_AUTORELEASING = YES;
				CLANG_WARN_BOOL_CONVERSION = YES;
				CLANG_WARN_COMMA = YES;
				CLANG_WARN_CONSTANT_CONVERSION = YES;
				CLANG_WARN_DEPRECATED_OBJC_IMPLEMENTATIONS = YES;
				CLANG_WARN_DIRECT_OBJC_ISA_USAGE = YES_ERROR;
				CLANG_WARN_DOCUMENTATION_COMMENTS = YES;
				CLANG_WARN_EMPTY_BODY = YES;
				CLANG_WARN_ENUM_CONVERSION = YES;
				CLANG_WARN_INFINITE_RECURSION = YES;
				CLANG_WARN_INT_CONVERSION = YES;
				CLANG_WARN_NON_LITERAL_NULL_CONVERSION = YES;
				CLANG_WARN_OBJC_IMPLICIT_RETAIN_SELF = YES;
				CLANG_WARN_OBJC_LITERAL_CONVERSION = YES;
				CLANG_WARN_OBJC_ROOT_CLASS = YES_ERROR;
				CLANG_WARN_RANGE_LOOP_ANALYSIS = YES;
				CLANG_WARN_STRICT_PROTOTYPES = YES;
				CLANG_WARN_SUSPICIOUS_MOVE = YES;
				CLANG_WARN_UNGUARDED_AVAILABILITY = YES_AGGRESSIVE;
				CLANG_WARN_UNREACHABLE_CODE = YES;
				CLANG_WARN__DUPLICATE_METHOD_MATCH = YES;
				COPY_PHASE_STRIP = NO;
				DEBUG_INFORMATION_FORMAT = "dwarf-with-dsym";
				ENABLE_NS_ASSERTIONS = NO;
				ENABLE_STRICT_OBJC_MSGSEND = YES;
				GCC_C_LANGUAGE_STANDARD = gnu11;
				GCC_NO_COMMON_BLOCKS = YES;
				GCC_WARN_64_TO_32_BIT_CONVERSION = YES;
				GCC_WARN_ABOUT_RETURN_TYPE = YES_ERROR;
				GCC_WARN_UNDECLARED_SELECTOR = YES;
				GCC_WARN_UNINITIALIZED_AUTOS = YES_AGGRESSIVE;
				GCC_WARN_UNUSED_FUNCTION = YES;
				GCC_WARN_UNUSED_VARIABLE = YES;
				IPHONEOS_DEPLOYMENT_TARGET = 13.2;
				MTL_ENABLE_DEBUG_INFO = NO;
				MTL_FAST_MATH = YES;
				SDKROOT = iphoneos;
				SWIFT_COMPILATION_MODE = wholemodule;
				SWIFT_OPTIMIZATION_LEVEL = "-O";
				VALIDATE_PRODUCT = YES;
			};
			name = Release;
		};
		571AD882240B639800796295 /* Debug */ = {
			isa = XCBuildConfiguration;
			buildSettings = {
				ASSETCATALOG_COMPILER_APPICON_NAME = AppIcon;
				CODE_SIGN_STYLE = Automatic;
				DEVELOPMENT_ASSET_PATHS = "\"Improving_Slot_App/Preview Content\"";
				DEVELOPMENT_TEAM = D7H2D5LYYU;
				ENABLE_PREVIEWS = YES;
				INFOPLIST_FILE = Improving_Slot_App/Info.plist;
				LD_RUNPATH_SEARCH_PATHS = (
					"$(inherited)",
					"@executable_path/Frameworks",
				);
				PRODUCT_BUNDLE_IDENTIFIER = "com.DaiPhong.Improving-Slot-App";
				PRODUCT_NAME = "$(TARGET_NAME)";
				SWIFT_VERSION = 5.0;
				TARGETED_DEVICE_FAMILY = "1,2";
			};
			name = Debug;
		};
		571AD883240B639800796295 /* Release */ = {
			isa = XCBuildConfiguration;
			buildSettings = {
				ASSETCATALOG_COMPILER_APPICON_NAME = AppIcon;
				CODE_SIGN_STYLE = Automatic;
				DEVELOPMENT_ASSET_PATHS = "\"Improving_Slot_App/Preview Content\"";
				DEVELOPMENT_TEAM = D7H2D5LYYU;
				ENABLE_PREVIEWS = YES;
				INFOPLIST_FILE = Improving_Slot_App/Info.plist;
				LD_RUNPATH_SEARCH_PATHS = (
					"$(inherited)",
					"@executable_path/Frameworks",
				);
				PRODUCT_BUNDLE_IDENTIFIER = "com.DaiPhong.Improving-Slot-App";
				PRODUCT_NAME = "$(TARGET_NAME)";
				SWIFT_VERSION = 5.0;
				TARGETED_DEVICE_FAMILY = "1,2";
			};
			name = Release;
		};
/* End XCBuildConfiguration section */

/* Begin XCConfigurationList section */
		571AD868240B638D00796295 /* Build configuration list for PBXProject "Improving_Slot_App" */ = {
			isa = XCConfigurationList;
			buildConfigurations = (
				571AD87F240B639800796295 /* Debug */,
				571AD880240B639800796295 /* Release */,
			);
			defaultConfigurationIsVisible = 0;
			defaultConfigurationName = Release;
		};
		571AD881240B639800796295 /* Build configuration list for PBXNativeTarget "Improving_Slot_App" */ = {
			isa = XCConfigurationList;
			buildConfigurations = (
				571AD882240B639800796295 /* Debug */,
				571AD883240B639800796295 /* Release */,
			);
			defaultConfigurationIsVisible = 0;
			defaultConfigurationName = Release;
		};
/* End XCConfigurationList section */
	};
	rootObject = 571AD865240B638D00796295 /* Project object */;
}
